schema: '2.0'
stages:
  process_data:
    cmd: /home/johni.marangon@softplan.com.br/.pyenv/versions/3.12.8/bin/python 
      src/read_data.py
    deps:
    - path: data/data.csv
      hash: md5
      md5: 3e70055380b311c69c928ac2a7661ce6
      size: 480
    - path: src/read_data.py
      hash: md5
      md5: 7797185e89eaca2a6d1ab3a004f1654f
      size: 301
    outs:
    - path: data/processed/processed_data.csv
      hash: md5
      md5: 7a08a73379afbc797e493e49c898d73f
      size: 480
  train:
    cmd: /home/johni.marangon@softplan.com.br/.pyenv/versions/3.12.8/bin/python 
      src/train_data.py
    deps:
    - path: data/prepared/train.csv
      hash: md5
      md5: d16a7a99e9410b9c5cfe1968e948652b
      size: 246
    - path: src/train_data.py
      hash: md5
      md5: 134f8496dfd3defeaa5bcf545ccb26ee
      size: 695
    outs:
    - path: model/model.pkl
      hash: md5
      md5: dd0205c22c94ac1569c494a3a1533ce0
      size: 2056
  prepare_data:
    cmd: /home/johni.marangon@softplan.com.br/.pyenv/versions/3.12.8/bin/python 
      src/prepare_data.py
    deps:
    - path: data/processed/processed_data.csv
      hash: md5
      md5: 7a08a73379afbc797e493e49c898d73f
      size: 480
    - path: params.yaml
      hash: md5
      md5: 02a0772cc8135c72bb6d1cd99bdd79de
      size: 45
    - path: src/prepare_data.py
      hash: md5
      md5: f86d65dad94e6765c2ec195a22271e32
      size: 967
    params:
      params.yaml:
        prepare.random_state: 42
        prepare.test_size: 0.5
    outs:
    - path: data/prepared/test.csv
      hash: md5
      md5: 96a9d0ac142734758c7e34688756cce5
      size: 249
    - path: data/prepared/train.csv
      hash: md5
      md5: d16a7a99e9410b9c5cfe1968e948652b
      size: 246
  evaluate:
    cmd: /home/johni.marangon@softplan.com.br/.pyenv/versions/3.12.8/bin/python 
      src/evaluate.py
    deps:
    - path: data/prepared/test.csv
      hash: md5
      md5: 96a9d0ac142734758c7e34688756cce5
      size: 249
    - path: model/model.pkl
      hash: md5
      md5: dd0205c22c94ac1569c494a3a1533ce0
      size: 2056
    - path: src/evaluate.py
      hash: md5
      md5: 339313dc76ba57639539a859a4061424
      size: 659
    outs:
    - path: metrics.json
      hash: md5
      md5: c2ed761f1a3ee7603ffd5f383784ee07
      size: 23
  inference:
    cmd: /home/johni.marangon@softplan.com.br/.pyenv/versions/3.12.8/bin/python 
      src/inference.py
    deps:
    - path: data/unseen_data.csv
      hash: md5
      md5: 2da271dc232d2350b9cbe6e1a65ae9d3
      size: 120
    - path: model/model.pkl
      hash: md5
      md5: dd0205c22c94ac1569c494a3a1533ce0
      size: 2056
    - path: src/inference.py
      hash: md5
      md5: cc17d21db0f0d96f15a13516f304612d
      size: 612
    outs:
    - path: data/predictions/predictions.csv
      hash: md5
      md5: d5460896e31260528379d2956cdf928b
      size: 146
